{"1.2.0",
[{<<"certifi">>,{pkg,<<"certifi">>,<<"2.17.0">>},1},
 {<<"erlsom">>,{pkg,<<"erlsom">>,<<"1.5.1">>},0},
 {<<"h2">>,{pkg,<<"h2">>,<<"0.10.4">>},1},
 {<<"hackney">>,{pkg,<<"hackney">>,<<"4.5.2">>},0},
 {<<"idna">>,{pkg,<<"idna">>,<<"7.1.0">>},1},
 {<<"jsx">>,{pkg,<<"jsx">>,<<"3.1.0">>},0},
 {<<"mimerl">>,{pkg,<<"mimerl">>,<<"1.5.0">>},1},
 {<<"opentelemetry_api">>,{pkg,<<"opentelemetry_api">>,<<"1.5.0">>},0},
 {<<"parse_trans">>,{pkg,<<"parse_trans">>,<<"3.4.2">>},1},
 {<<"quic">>,{pkg,<<"quic">>,<<"1.7.0">>},1},
 {<<"ssl_verify_fun">>,{pkg,<<"ssl_verify_fun">>,<<"1.1.7">>},1},
 {<<"webtransport">>,{pkg,<<"webtransport">>,<<"0.4.3">>},1}]}.
[
{pkg_hash,[
 {<<"certifi">>, <<"835748414307E15E05B17D0E518190228CE648B08D569A5CC93A85A40F3E5C9B">>},
 {<<"erlsom">>, <<"C8FE2BABD33FF0846403F6522328B8AB676F896B793634CFE7EF181C05316C03">>},
 {<<"h2">>, <<"31EF580056E19977B6542EEA2718AA19A45841205CD82CD48535DD7683CAEA4C">>},
 {<<"hackney">>, <<"D44B00B6E91EF8C480EC51AD42E9D8777A3A391EA78865CB16C5C0645399C6F5">>},
 {<<"idna">>, <<"1067A13043538129602D2F2CE6899D8713125C7D19734AA557CE2E3EA55BD4F1">>},
 {<<"jsx">>, <<"D12516BAA0BB23A59BB35DCCAF02A1BD08243FCBB9EFE24F2D9D056CCFF71268">>},
 {<<"mimerl">>, <<"F35ACA6F23242339B3666E0AC0702379E362B469D0AEA167F6CC713547E777ED">>},
 {<<"opentelemetry_api">>, <<"1A676F3E3340CAB81C763E939A42E11A70C22863F645AA06AAFEFC689B5550CF">>},
 {<<"parse_trans">>, <<"C352DDC1A0D5E54F9B1654D45F9C432EEF76F9CEA371C55DDFF769EF688FDB74">>},
 {<<"quic">>, <<"EBCF105FB16CA4D954C3BBD2E5BCDA7650074F3E3A9CA80135DBEE2607E0C27E">>},
 {<<"ssl_verify_fun">>, <<"354C321CF377240C7B8716899E182CE4890C5938111A1296ADD3EC74CF1715DF">>},
 {<<"webtransport">>, <<"DF0C53DA138CDC5F3390A31EF612CAA3A041C23E18C1A0B6FBD4D72743277806">>}]},
{pkg_hash_ext,[
 {<<"certifi">>, <<"8122798A17F0293C80DAADA25D0F81C7F4D708C73FEF782C7C9B1950E26E4D21">>},
 {<<"erlsom">>, <<"7965485494C5844DD127656AC40F141AADFA174839EC1BE1074E7EDF5B4239EB">>},
 {<<"h2">>, <<"8350920AC7C259FB759A2830D3CE0DD248C48422A031D1760BEBDD2020FA30A9">>},
 {<<"hackney">>, <<"5DB2E2D7DE05CAFCD681E21120AE4C8B5A378EBEB9B8D8835F26F456A9A80F7A">>},
 {<<"idna">>, <<"6AE959A025BF36DF61A8CAB8508D9654891B5426A84C44D82DEAFFD6DDF8C71F">>},
 {<<"jsx">>, <<"0C5CC8FDC11B53CC25CF65AC6705AD39E54ECC56D1C22E4ADB8F5A53FB9427F3">>},
 {<<"mimerl">>, <<"DB648CE065BAE14EA84CA8B5DD123F42F49417CEF693541110BF6F9E9BE9ECC4">>},
 {<<"opentelemetry_api">>, <<"F53EC8A1337AE4A487D43AC89DA4BD3A3C99DDF576655D071DEED8B56A2D5DDA">>},
 {<<"parse_trans">>, <<"4C25347DE3B7C35732D32E69AB43D1CEEE0BEAE3F3B3ADE1B59CBD3DD224D9CA">>},
 {<<"quic">>, <<"D0D304E5FDA48754A570B90B103153F780F9926C15F6EABFE1B343E4F61E32DF">>},
 {<<"ssl_verify_fun">>, <<"FE4C190E8F37401D30167C8C405EDA19469F34577987C76DDE613E838BBC67F8">>},
 {<<"webtransport">>, <<"3AE8C76696CDB56BEE3CAF1DD853A0A596339886468CA17C578A9BFD647DAB9D">>}]}
].
